
Microsoft Visual Studio Solution File, Format Version 12.00
# Visual Studio Version 16
VisualStudioVersion = 16.0.28922.388
MinimumVisualStudioVersion = 10.0.40219.1
Project("{FAE04EC0-301F-11D3-BF4B-00C04F79EFBC}") = "BattleScreen", "BattleScreen.csproj", "{0B39D807-FDEE-4A3C-878F-3A36A481FEAF}"
EndProject
Global
	GlobalSection(SolutionConfigurationPlatforms) = preSolution
		Debug|Any CPU = Debug|Any CPU
		Release|Any CPU = Release|Any CPU
	EndGlobalSection
	GlobalSection(ProjectConfigurationPlatforms) = postSolution
		{0B39D807-FDEE-4A3C-878F-3A36A481FEAF}.Debug|Any CPU.ActiveCfg = Debug|Any CPU
		{0B39D807-FDEE-4A3C-878F-3A36A481FEAF}.Debug|Any CPU.Build.0 = Debug|Any CPU
		{0B39D807-FDEE-4A3C-878F-3A36A481FEAF}.Release|Any CPU.ActiveCfg = Release|Any CPU
		{0B39D807-FDEE-4A3C-878F-3A36A481FEAF}.Release|Any CPU.Build.0 = Release|Any CPU
	EndGlobalSection
	GlobalSection(SolutionProperties) = preSolution
		HideSolutionNode = FALSE
	EndGlobalSection
	GlobalSection(ExtensibilityGlobals) = postSolution
		SolutionGuid = {657861C0-6D47-4B3A-A143-F39DEE6D59AE}
	EndGlobalSection
EndGlobal
